
Microsoft Visual Studio Solution File, Format Version 12.00
# Visual Studio Version 17
VisualStudioVersion = 17.3.32728.150
MinimumVisualStudioVersion = 10.0.40219.1
Project("{9A19103F-16F7-4668-BE54-9A1E7A4F7556}") = "MagicVilla.Service", "MagicVilla.Service\MagicVilla.Service.csproj", "{DFC396A3-E009-4434-BB37-E747C74E1C33}"
EndProject
Project("{9A19103F-16F7-4668-BE54-9A1E7A4F7556}") = "MagicVilla.Web", "MagicVilla.Web\MagicVilla.Web.csproj", "{C67C15A4-A447-4C14-B6DB-3E422D3E1982}"
EndProject
Project("{9A19103F-16F7-4668-BE54-9A1E7A4F7556}") = "MagicVilla.Utility", "MagicVilla.Utility\MagicVilla.Utility.csproj", "{D8B3DF3E-B2EB-43E2-916E-6A70F43A18D6}"
EndProject
Global
	GlobalSection(SolutionConfigurationPlatforms) = preSolution
		Debug|Any CPU = Debug|Any CPU
		Release|Any CPU = Release|Any CPU
	EndGlobalSection
	GlobalSection(ProjectConfigurationPlatforms) = postSolution
		{DFC396A3-E009-4434-BB37-E747C74E1C33}.Debug|Any CPU.ActiveCfg = Debug|Any CPU
		{DFC396A3-E009-4434-BB37-E747C74E1C33}.Debug|Any CPU.Build.0 = Debug|Any CPU
		{DFC396A3-E009-4434-BB37-E747C74E1C33}.Release|Any CPU.ActiveCfg = Release|Any CPU
		{DFC396A3-E009-4434-BB37-E747C74E1C33}.Release|Any CPU.Build.0 = Release|Any CPU
		{C67C15A4-A447-4C14-B6DB-3E422D3E1982}.Debug|Any CPU.ActiveCfg = Debug|Any CPU
		{C67C15A4-A447-4C14-B6DB-3E422D3E1982}.Debug|Any CPU.Build.0 = Debug|Any CPU
		{C67C15A4-A447-4C14-B6DB-3E422D3E1982}.Release|Any CPU.ActiveCfg = Release|Any CPU
		{C67C15A4-A447-4C14-B6DB-3E422D3E1982}.Release|Any CPU.Build.0 = Release|Any CPU
		{D8B3DF3E-B2EB-43E2-916E-6A70F43A18D6}.Debug|Any CPU.ActiveCfg = Debug|Any CPU
		{D8B3DF3E-B2EB-43E2-916E-6A70F43A18D6}.Debug|Any CPU.Build.0 = Debug|Any CPU
		{D8B3DF3E-B2EB-43E2-916E-6A70F43A18D6}.Release|Any CPU.ActiveCfg = Release|Any CPU
		{D8B3DF3E-B2EB-43E2-916E-6A70F43A18D6}.Release|Any CPU.Build.0 = Release|Any CPU
	EndGlobalSection
	GlobalSection(SolutionProperties) = preSolution
		HideSolutionNode = FALSE
	EndGlobalSection
	GlobalSection(ExtensibilityGlobals) = postSolution
		SolutionGuid = {DAD48534-78DE-495E-95BD-8C50601155CE}
	EndGlobalSection
EndGlobal
